{
    "_readme": [
        "This file locks the dependencies of your project to a known state",
        "Read more about it at https://getcomposer.org/doc/01-basic-usage.md#composer-lock-the-lock-file",
        "This file is @generated automatically"
    ],
    "content-hash": "b39dc2c9aec8fc634f039c398017a996",
    "packages": [
        {
            "name": "cedaro/wp-plugin",
            "version": "v0.3.0",
            "source": {
                "type": "git",
                "url": "https://github.com/cedaro/wp-plugin.git",
                "reference": "f98e9c4bc605d82813a4424e0afef2359ece1b34"
            },
            "dist": {
                "type": "zip",
                "url": "https://api.github.com/repos/cedaro/wp-plugin/zipball/f98e9c4bc605d82813a4424e0afef2359ece1b34",
                "reference": "f98e9c4bc605d82813a4424e0afef2359ece1b34",
                "shasum": ""
            },
            "require": {
                "php": ">=5.4.0",
                "pimple/pimple": "^3.0",
                "psr/container": "^1.0"
            },
            "require-dev": {
                "phpunit/phpunit": "*@stable"
            },
            "type": "library",
            "autoload": {
                "psr-4": {
                    "Cedaro\\WP\\Plugin\\": "src/"
                }
            },
            "notification-url": "https://packagist.org/downloads/",
            "license": [
                "MIT"
            ],
            "authors": [
                {
                    "name": "Brady Vercher",
                    "email": "brady@blazersix.com",
                    "homepage": "https://www.cedaro.com/"
                }
            ],
            "description": "A base WordPress plugin library.",
            "homepage": "https://github.com/cedaro/wp-plugin",
            "time": "2017-12-21T23:00:11+00:00"
        },
        {
            "name": "chancedigital/wp-coding-standards",
            "version": "v0.1.4",
            "source": {
                "type": "git",
                "url": "https://github.com/chancedigital/wp-coding-standards.git",
                "reference": "7d21bdc94c25cf1dc77ff10562d3f3511dc96046"
            },
            "dist": {
                "type": "zip",
                "url": "https://api.github.com/repos/chancedigital/wp-coding-standards/zipball/7d21bdc94c25cf1dc77ff10562d3f3511dc96046",
                "reference": "7d21bdc94c25cf1dc77ff10562d3f3511dc96046",
                "shasum": ""
            },
            "require": {
                "fig-r/psr2r-sniffer": "^0.5.0",
                "squizlabs/php_codesniffer": "^3.1",
                "wp-coding-standards/wpcs": "^0.14.0"
            },
            "require-dev": {
                "phpunit/phpunit": "^5.7"
            },
            "type": "project",
            "notification-url": "https://packagist.org/downloads/",
            "license": [
                "GPL-2.0-or-later"
            ],
            "description": "Chance Digital coding standards",
            "time": "2018-08-13T03:04:18+00:00"
        },
        {
            "name": "composer/installers",
            "version": "v1.5.0",
            "source": {
                "type": "git",
                "url": "https://github.com/composer/installers.git",
                "reference": "049797d727261bf27f2690430d935067710049c2"
            },
            "dist": {
                "type": "zip",
                "url": "https://api.github.com/repos/composer/installers/zipball/049797d727261bf27f2690430d935067710049c2",
                "reference": "049797d727261bf27f2690430d935067710049c2",
                "shasum": ""
            },
            "require": {
                "composer-plugin-api": "^1.0"
            },
            "replace": {
                "roundcube/plugin-installer": "*",
                "shama/baton": "*"
            },
            "require-dev": {
                "composer/composer": "1.0.*@dev",
                "phpunit/phpunit": "^4.8.36"
            },
            "type": "composer-plugin",
            "extra": {
                "class": "Composer\\Installers\\Plugin",
                "branch-alias": {
                    "dev-master": "1.0-dev"
                }
            },
            "autoload": {
                "psr-4": {
                    "Composer\\Installers\\": "src/Composer/Installers"
                }
            },
            "notification-url": "https://packagist.org/downloads/",
            "license": [
                "MIT"
            ],
            "authors": [
                {
                    "name": "Kyle Robinson Young",
                    "email": "kyle@dontkry.com",
                    "homepage": "https://github.com/shama"
                }
            ],
            "description": "A multi-framework Composer library installer",
            "homepage": "https://composer.github.io/installers/",
            "keywords": [
                "Craft",
                "Dolibarr",
                "Eliasis",
                "Hurad",
                "ImageCMS",
                "Kanboard",
                "Lan Management System",
                "MODX Evo",
                "Mautic",
                "Maya",
                "OXID",
                "Plentymarkets",
                "Porto",
                "RadPHP",
                "SMF",
                "Thelia",
                "WolfCMS",
                "agl",
                "aimeos",
                "annotatecms",
                "attogram",
                "bitrix",
                "cakephp",
                "chef",
                "cockpit",
                "codeigniter",
                "concrete5",
                "croogo",
                "dokuwiki",
                "drupal",
                "eZ Platform",
                "elgg",
                "expressionengine",
                "fuelphp",
                "grav",
                "installer",
                "itop",
                "joomla",
                "kohana",
                "laravel",
                "lavalite",
                "lithium",
                "magento",
                "majima",
                "mako",
                "mediawiki",
                "modulework",
                "modx",
                "moodle",
                "osclass",
                "phpbb",
                "piwik",
                "ppi",
                "puppet",
                "pxcms",
                "reindex",
                "roundcube",
                "shopware",
                "silverstripe",
                "sydes",
                "symfony",
                "typo3",
                "wordpress",
                "yawik",
                "zend",
                "zikula"
            ],
            "time": "2017-12-29T09:13:20+00:00"
        },
        {
            "name": "fig-r/psr2r-sniffer",
            "version": "0.5.0",
            "source": {
                "type": "git",
                "url": "https://github.com/php-fig-rectified/psr2r-sniffer.git",
                "reference": "ff4659fdb1ce8832a9e408a6e22aa05bc93efe10"
            },
            "dist": {
                "type": "zip",
                "url": "https://api.github.com/repos/php-fig-rectified/psr2r-sniffer/zipball/ff4659fdb1ce8832a9e408a6e22aa05bc93efe10",
                "reference": "ff4659fdb1ce8832a9e408a6e22aa05bc93efe10",
                "shasum": ""
            },
            "require": {
                "php": ">=5.4.16",
                "squizlabs/php_codesniffer": "^3.0"
            },
            "bin": [
                "bin/tokenize",
                "bin/sniff"
            ],
            "type": "phpcodesniffer-standard",
            "autoload": {
                "psr-4": {
                    "PSR2R\\": "PSR2R"
                }
            },
            "notification-url": "https://packagist.org/downloads/",
            "license": [
                "MIT"
            ],
            "authors": [
                {
                    "name": "Mark Scherer",
                    "homepage": "http://www.dereuromark.de",
                    "role": "Contributor"
                }
            ],
            "description": "Code-Sniffer, Auto-Fixer and Tokenizer for PSR2-R",
            "keywords": [
                "codesniffer",
                "cs"
            ],
            "time": "2017-08-30T10:00:39+00:00"
        },
        {
            "name": "jjgrainger/posttypes",
            "version": "2.0.1",
            "source": {
                "type": "git",
                "url": "https://github.com/jjgrainger/PostTypes.git",
                "reference": "04525d30d30ec19fef3478676b4f27aa405ac3a6"
            },
            "dist": {
                "type": "zip",
                "url": "https://api.github.com/repos/jjgrainger/PostTypes/zipball/04525d30d30ec19fef3478676b4f27aa405ac3a6",
                "reference": "04525d30d30ec19fef3478676b4f27aa405ac3a6",
                "shasum": ""
            },
            "require": {
                "php": ">=5.6"
            },
            "require-dev": {
                "phpunit/phpunit": "5.7",
                "squizlabs/php_codesniffer": "^2.8"
            },
            "type": "library",
            "autoload": {
                "psr-4": {
                    "PostTypes\\": "src/"
                }
            },
            "notification-url": "https://packagist.org/downloads/",
            "license": [
                "MIT"
            ],
            "authors": [
                {
                    "name": "Joe Grainger",
                    "email": "hello@jjgrainger.co.uk",
                    "homepage": "http://jjgrainger.co.uk"
                }
            ],
            "description": "Simple WordPress custom post types.",
            "homepage": "https://github.com/jjgrainger/posttype",
            "time": "2018-03-27T18:30:06+00:00"
        },
        {
            "name": "pimple/pimple",
            "version": "v3.2.3",
            "source": {
                "type": "git",
                "url": "https://github.com/silexphp/Pimple.git",
                "reference": "9e403941ef9d65d20cba7d54e29fe906db42cf32"
            },
            "dist": {
                "type": "zip",
                "url": "https://api.github.com/repos/silexphp/Pimple/zipball/9e403941ef9d65d20cba7d54e29fe906db42cf32",
                "reference": "9e403941ef9d65d20cba7d54e29fe906db42cf32",
                "shasum": ""
            },
            "require": {
                "php": ">=5.3.0",
                "psr/container": "^1.0"
            },
            "require-dev": {
                "symfony/phpunit-bridge": "^3.2"
            },
            "type": "library",
            "extra": {
                "branch-alias": {
                    "dev-master": "3.2.x-dev"
                }
            },
            "autoload": {
                "psr-0": {
                    "Pimple": "src/"
                }
            },
            "notification-url": "https://packagist.org/downloads/",
            "license": [
                "MIT"
            ],
            "authors": [
                {
                    "name": "Fabien Potencier",
                    "email": "fabien@symfony.com"
                }
            ],
            "description": "Pimple, a simple Dependency Injection Container",
            "homepage": "http://pimple.sensiolabs.org",
            "keywords": [
                "container",
                "dependency injection"
            ],
            "time": "2018-01-21T07:42:36+00:00"
        },
        {
            "name": "psr/container",
            "version": "1.0.0",
            "source": {
                "type": "git",
                "url": "https://github.com/php-fig/container.git",
                "reference": "b7ce3b176482dbbc1245ebf52b181af44c2cf55f"
            },
            "dist": {
                "type": "zip",
                "url": "https://api.github.com/repos/php-fig/container/zipball/b7ce3b176482dbbc1245ebf52b181af44c2cf55f",
                "reference": "b7ce3b176482dbbc1245ebf52b181af44c2cf55f",
                "shasum": ""
            },
            "require": {
                "php": ">=5.3.0"
            },
            "type": "library",
            "extra": {
                "branch-alias": {
                    "dev-master": "1.0.x-dev"
                }
            },
            "autoload": {
                "psr-4": {
                    "Psr\\Container\\": "src/"
                }
            },
            "notification-url": "https://packagist.org/downloads/",
            "license": [
                "MIT"
            ],
            "authors": [
                {
                    "name": "PHP-FIG",
                    "homepage": "http://www.php-fig.org/"
                }
            ],
            "description": "Common Container Interface (PHP FIG PSR-11)",
            "homepage": "https://github.com/php-fig/container",
            "keywords": [
                "PSR-11",
                "container",
                "container-interface",
                "container-interop",
                "psr"
            ],
            "time": "2017-02-14T16:28:37+00:00"
        },
        {
            "name": "squizlabs/php_codesniffer",
            "version": "3.3.1",
            "source": {
                "type": "git",
                "url": "https://github.com/squizlabs/PHP_CodeSniffer.git",
                "reference": "628a481780561150481a9ec74709092b9759b3ec"
            },
            "dist": {
                "type": "zip",
                "url": "https://api.github.com/repos/squizlabs/PHP_CodeSniffer/zipball/628a481780561150481a9ec74709092b9759b3ec",
                "reference": "628a481780561150481a9ec74709092b9759b3ec",
                "shasum": ""
            },
            "require": {
                "ext-simplexml": "*",
                "ext-tokenizer": "*",
                "ext-xmlwriter": "*",
                "php": ">=5.4.0"
            },
            "require-dev": {
                "phpunit/phpunit": "^4.0 || ^5.0 || ^6.0 || ^7.0"
            },
            "bin": [
                "bin/phpcs",
                "bin/phpcbf"
            ],
            "type": "library",
            "extra": {
                "branch-alias": {
                    "dev-master": "3.x-dev"
                }
            },
            "notification-url": "https://packagist.org/downloads/",
            "license": [
                "BSD-3-Clause"
            ],
            "authors": [
                {
                    "name": "Greg Sherwood",
                    "role": "lead"
                }
            ],
            "description": "PHP_CodeSniffer tokenizes PHP, JavaScript and CSS files and detects violations of a defined set of coding standards.",
            "homepage": "http://www.squizlabs.com/php-codesniffer",
            "keywords": [
                "phpcs",
                "standards"
            ],
            "time": "2018-07-26T23:47:18+00:00"
        },
        {
            "name": "wp-coding-standards/wpcs",
            "version": "0.14.1",
            "source": {
                "type": "git",
                "url": "https://github.com/WordPress-Coding-Standards/WordPress-Coding-Standards.git",
                "reference": "cf6b310caad735816caef7573295f8a534374706"
            },
            "dist": {
                "type": "zip",
                "url": "https://api.github.com/repos/WordPress-Coding-Standards/WordPress-Coding-Standards/zipball/cf6b310caad735816caef7573295f8a534374706",
                "reference": "cf6b310caad735816caef7573295f8a534374706",
                "shasum": ""
            },
            "require": {
                "php": ">=5.3",
                "squizlabs/php_codesniffer": "^2.9.0 || ^3.0.2"
            },
            "suggest": {
                "dealerdirect/phpcodesniffer-composer-installer": "^0.4.3"
            },
            "type": "phpcodesniffer-standard",
            "notification-url": "https://packagist.org/downloads/",
            "license": [
                "MIT"
            ],
            "authors": [
                {
                    "name": "Contributors",
                    "homepage": "https://github.com/WordPress-Coding-Standards/WordPress-Coding-Standards/graphs/contributors"
                }
            ],
            "description": "PHP_CodeSniffer rules (sniffs) to enforce WordPress coding conventions",
            "keywords": [
                "phpcs",
                "standards",
                "wordpress"
            ],
            "time": "2018-02-16T01:57:48+00:00"
        }
    ],
    "packages-dev": [],
    "aliases": [],
    "minimum-stability": "stable",
    "stability-flags": [],
    "prefer-stable": false,
    "prefer-lowest": false,
    "platform": [],
    "platform-dev": []
}
